
Microsoft Visual Studio Solution File, Format Version 12.00
# Visual Studio Version 17
VisualStudioVersion = 17.0.32126.317
MinimumVisualStudioVersion = 10.0.40219.1
Project("{FAE04EC0-301F-11D3-BF4B-00C04F79EFBC}") = "CubicAlgorithm", "CubicAlgorithm\CubicAlgorithm.csproj", "{3DDF699C-2ED4-4892-B3B5-335B66E0213A}"
EndProject
Global
	GlobalSection(SolutionConfigurationPlatforms) = preSolution
		Debug|Any CPU = Debug|Any CPU
		Release|Any CPU = Release|Any CPU
	EndGlobalSection
	GlobalSection(ProjectConfigurationPlatforms) = postSolution
		{3DDF699C-2ED4-4892-B3B5-335B66E0213A}.Debug|Any CPU.ActiveCfg = Debug|Any CPU
		{3DDF699C-2ED4-4892-B3B5-335B66E0213A}.Debug|Any CPU.Build.0 = Debug|Any CPU
		{3DDF699C-2ED4-4892-B3B5-335B66E0213A}.Release|Any CPU.ActiveCfg = Release|Any CPU
		{3DDF699C-2ED4-4892-B3B5-335B66E0213A}.Release|Any CPU.Build.0 = Release|Any CPU
	EndGlobalSection
	GlobalSection(SolutionProperties) = preSolution
		HideSolutionNode = FALSE
	EndGlobalSection
	GlobalSection(ExtensibilityGlobals) = postSolution
		SolutionGuid = {188C1C08-47B1-477F-8309-797A9EE83139}
	EndGlobalSection
EndGlobal
